{
  "name": "microsoft-clone",
  "version": "1.0.0",
  "lockfileVersion": 3,
  "requires": true,
  "packages": {
    "": {
      "name": "microsoft-clone",
      "version": "1.0.0",
      "license": "ISC",
      "dependencies": {
        "mdb-ui-kit": "^6.2.0",
        "swiper": "^9.2.3"
      }
    },
    "node_modules/mdb-ui-kit": {
      "version": "6.2.0",
      "resolved": "https://registry.npmjs.org/mdb-ui-kit/-/mdb-ui-kit-6.2.0.tgz",
      "integrity": "sha512-7rIgyHx0/y4Png/ojCGz81cgP+9xIsoCxCFNQrNaglSM/4p0gPvaXxGfKpE/WuwpFCEDJNc4wLE6HzcdlcvvAQ=="
    },
    "node_modules/ssr-window": {
      "version": "4.0.2",
      "resolved": "https://registry.npmjs.org/ssr-window/-/ssr-window-4.0.2.tgz",
      "integrity": "sha512-ISv/Ch+ig7SOtw7G2+qkwfVASzazUnvlDTwypdLoPoySv+6MqlOV10VwPSE6EWkGjhW50lUmghPmpYZXMu/+AQ=="
    },
    "node_modules/swiper": {
      "version": "9.2.3",
      "resolved": "https://registry.npmjs.org/swiper/-/swiper-9.2.3.tgz",
      "integrity": "sha512-hxqcjIsYPP1fv+KIXPqGywl6ik8RBp0y0i9+TOIh55ca6SpZ5FrgNJ4QXPhsl6mlSBMEYPmh5zOKtZpI8zpWeQ==",
      "funding": [
        {
          "type": "patreon",
          "url": "https://www.patreon.com/swiperjs"
        },
        {
          "type": "open_collective",
          "url": "http://opencollective.com/swiper"
        }
      ],
      "dependencies": {
        "ssr-window": "^4.0.2"
      },
      "engines": {
        "node": ">= 4.7.0"
      }
    }
  }
}
